// !$*UTF8*$!
{
	archiveVersion = 1;
	classes = {
	};
	objectVersion = 50;
	objects = {

/* Begin PBXBuildFile section */
		4A79A4C125A9E5F2003B30A9 /* SampleView3.swift in Sources */ = {isa = PBXBuildFile; fileRef = 4A79A4BF25A9E5F2003B30A9 /* SampleView3.swift */; };
		4A79A4C225A9E5F2003B30A9 /* SampleView3.xib in Resources */ = {isa = PBXBuildFile; fileRef = 4A79A4C025A9E5F2003B30A9 /* SampleView3.xib */; };
		4A79A4CC25A9F46D003B30A9 /* SampleView4.xib in Resources */ = {isa = PBXBuildFile; fileRef = 4A79A4CA25A9F46D003B30A9 /* SampleView4.xib */; };
		4A79A4CD25A9F46D003B30A9 /* SampleView4.swift in Sources */ = {isa = PBXBuildFile; fileRef = 4A79A4CB25A9F46D003B30A9 /* SampleView4.swift */; };
		4A79A4D225A9F480003B30A9 /* SampleView5.swift in Sources */ = {isa = PBXBuildFile; fileRef = 4A79A4D025A9F480003B30A9 /* SampleView5.swift */; };
		4A79A4D325A9F480003B30A9 /* SampleView5.xib in Resources */ = {isa = PBXBuildFile; fileRef = 4A79A4D125A9F480003B30A9 /* SampleView5.xib */; };
		4A929B1825962EE7009A217C /* AppDelegate.swift in Sources */ = {isa = PBXBuildFile; fileRef = 4A929B1725962EE7009A217C /* AppDelegate.swift */; };
		4A929B1A25962EE7009A217C /* SceneDelegate.swift in Sources */ = {isa = PBXBuildFile; fileRef = 4A929B1925962EE7009A217C /* SceneDelegate.swift */; };
		4A929B1C25962EE7009A217C /* ViewController.swift in Sources */ = {isa = PBXBuildFile; fileRef = 4A929B1B25962EE7009A217C /* ViewController.swift */; };
		4A929B1F25962EE7009A217C /* Main.storyboard in Resources */ = {isa = PBXBuildFile; fileRef = 4A929B1D25962EE7009A217C /* Main.storyboard */; };
		4A929B2125962EE9009A217C /* Assets.xcassets in Resources */ = {isa = PBXBuildFile; fileRef = 4A929B2025962EE9009A217C /* Assets.xcassets */; };
		4A929B2425962EE9009A217C /* LaunchScreen.storyboard in Resources */ = {isa = PBXBuildFile; fileRef = 4A929B2225962EE9009A217C /* LaunchScreen.storyboard */; };
		4A929B2D25962F6F009A217C /* SampleView1.xib in Resources */ = {isa = PBXBuildFile; fileRef = 4A929B2C25962F6F009A217C /* SampleView1.xib */; };
		4A929B302596304E009A217C /* SampleView1.swift in Sources */ = {isa = PBXBuildFile; fileRef = 4A929B2F2596304E009A217C /* SampleView1.swift */; };
		4ACCEFC925A9DED40015DAB7 /* SampleView2.xib in Resources */ = {isa = PBXBuildFile; fileRef = 4ACCEFC725A9DED40015DAB7 /* SampleView2.xib */; };
		4ACCEFCA25A9DED40015DAB7 /* SampleView2.swift in Sources */ = {isa = PBXBuildFile; fileRef = 4ACCEFC825A9DED40015DAB7 /* SampleView2.swift */; };
		4AEF542525AACC4D000F90BA /* SampleView6.xib in Resources */ = {isa = PBXBuildFile; fileRef = 4AEF542325AACC4D000F90BA /* SampleView6.xib */; };
		4AEF542625AACC4D000F90BA /* SampleView6.swift in Sources */ = {isa = PBXBuildFile; fileRef = 4AEF542425AACC4D000F90BA /* SampleView6.swift */; };
		4AEF542B25AACC56000F90BA /* SampleView7.swift in Sources */ = {isa = PBXBuildFile; fileRef = 4AEF542925AACC56000F90BA /* SampleView7.swift */; };
		4AEF542C25AACC56000F90BA /* SampleView7.xib in Resources */ = {isa = PBXBuildFile; fileRef = 4AEF542A25AACC56000F90BA /* SampleView7.xib */; };
/* End PBXBuildFile section */

/* Begin PBXFileReference section */
		4A4654FB25974DEB0015DF86 /* README.md */ = {isa = PBXFileReference; lastKnownFileType = net.daringfireball.markdown; path = README.md; sourceTree = "<group>"; };
		4A79A4BF25A9E5F2003B30A9 /* SampleView3.swift */ = {isa = PBXFileReference; fileEncoding = 4; lastKnownFileType = sourcecode.swift; path = SampleView3.swift; sourceTree = "<group>"; };
		4A79A4C025A9E5F2003B30A9 /* SampleView3.xib */ = {isa = PBXFileReference; fileEncoding = 4; lastKnownFileType = file.xib; path = SampleView3.xib; sourceTree = "<group>"; };
		4A79A4CA25A9F46D003B30A9 /* SampleView4.xib */ = {isa = PBXFileReference; fileEncoding = 4; lastKnownFileType = file.xib; path = SampleView4.xib; sourceTree = "<group>"; };
		4A79A4CB25A9F46D003B30A9 /* SampleView4.swift */ = {isa = PBXFileReference; fileEncoding = 4; lastKnownFileType = sourcecode.swift; path = SampleView4.swift; sourceTree = "<group>"; };
		4A79A4D025A9F480003B30A9 /* SampleView5.swift */ = {isa = PBXFileReference; fileEncoding = 4; lastKnownFileType = sourcecode.swift; path = SampleView5.swift; sourceTree = "<group>"; };
		4A79A4D125A9F480003B30A9 /* SampleView5.xib */ = {isa = PBXFileReference; fileEncoding = 4; lastKnownFileType = file.xib; path = SampleView5.xib; sourceTree = "<group>"; };
		4A929B1425962EE7009A217C /* XibSample.app */ = {isa = PBXFileReference; explicitFileType = wrapper.application; includeInIndex = 0; path = XibSample.app; sourceTree = BUILT_PRODUCTS_DIR; };
		4A929B1725962EE7009A217C /* AppDelegate.swift */ = {isa = PBXFileReference; lastKnownFileType = sourcecode.swift; path = AppDelegate.swift; sourceTree = "<group>"; };
		4A929B1925962EE7009A217C /* SceneDelegate.swift */ = {isa = PBXFileReference; lastKnownFileType = sourcecode.swift; path = SceneDelegate.swift; sourceTree = "<group>"; };
		4A929B1B25962EE7009A217C /* ViewController.swift */ = {isa = PBXFileReference; lastKnownFileType = sourcecode.swift; path = ViewController.swift; sourceTree = "<group>"; };
		4A929B1E25962EE7009A217C /* Base */ = {isa = PBXFileReference; lastKnownFileType = file.storyboard; name = Base; path = Base.lproj/Main.storyboard; sourceTree = "<group>"; };
		4A929B2025962EE9009A217C /* Assets.xcassets */ = {isa = PBXFileReference; lastKnownFileType = folder.assetcatalog; path = Assets.xcassets; sourceTree = "<group>"; };
		4A929B2325962EE9009A217C /* Base */ = {isa = PBXFileReference; lastKnownFileType = file.storyboard; name = Base; path = Base.lproj/LaunchScreen.storyboard; sourceTree = "<group>"; };
		4A929B2525962EE9009A217C /* Info.plist */ = {isa = PBXFileReference; lastKnownFileType = text.plist.xml; path = Info.plist; sourceTree = "<group>"; };
		4A929B2C25962F6F009A217C /* SampleView1.xib */ = {isa = PBXFileReference; lastKnownFileType = file.xib; path = SampleView1.xib; sourceTree = "<group>"; };
		4A929B2F2596304E009A217C /* SampleView1.swift */ = {isa = PBXFileReference; lastKnownFileType = sourcecode.swift; path = SampleView1.swift; sourceTree = "<group>"; };
		4ACCEFC725A9DED40015DAB7 /* SampleView2.xib */ = {isa = PBXFileReference; fileEncoding = 4; lastKnownFileType = file.xib; path = SampleView2.xib; sourceTree = "<group>"; };
		4ACCEFC825A9DED40015DAB7 /* SampleView2.swift */ = {isa = PBXFileReference; fileEncoding = 4; lastKnownFileType = sourcecode.swift; path = SampleView2.swift; sourceTree = "<group>"; };
		4AEF542325AACC4D000F90BA /* SampleView6.xib */ = {isa = PBXFileReference; fileEncoding = 4; lastKnownFileType = file.xib; path = SampleView6.xib; sourceTree = "<group>"; };
		4AEF542425AACC4D000F90BA /* SampleView6.swift */ = {isa = PBXFileReference; fileEncoding = 4; lastKnownFileType = sourcecode.swift; path = SampleView6.swift; sourceTree = "<group>"; };
		4AEF542925AACC56000F90BA /* SampleView7.swift */ = {isa = PBXFileReference; fileEncoding = 4; lastKnownFileType = sourcecode.swift; path = SampleView7.swift; sourceTree = "<group>"; };
		4AEF542A25AACC56000F90BA /* SampleView7.xib */ = {isa = PBXFileReference; fileEncoding = 4; lastKnownFileType = file.xib; path = SampleView7.xib; sourceTree = "<group>"; };
/* End PBXFileReference section */

/* Begin PBXFrameworksBuildPhase section */
		4A929B1125962EE7009A217C /* Frameworks */ = {
			isa = PBXFrameworksBuildPhase;
			buildActionMask = 2147483647;
			files = (
			);
			runOnlyForDeploymentPostprocessing = 0;
		};
/* End PBXFrameworksBuildPhase section */

/* Begin PBXGroup section */
		4A79A4C925A9F46D003B30A9 /* ViewSample4 */ = {
			isa = PBXGroup;
			children = (
				4A79A4CA25A9F46D003B30A9 /* SampleView4.xib */,
				4A79A4CB25A9F46D003B30A9 /* SampleView4.swift */,
			);
			name = ViewSample4;
			path = XibSample/ViewSample4;
			sourceTree = SOURCE_ROOT;
		};
		4A79A4CF25A9F480003B30A9 /* ViewSample5 */ = {
			isa = PBXGroup;
			children = (
				4A79A4D025A9F480003B30A9 /* SampleView5.swift */,
				4A79A4D125A9F480003B30A9 /* SampleView5.xib */,
			);
			path = ViewSample5;
			sourceTree = "<group>";
		};
		4A929B0B25962EE7009A217C = {
			isa = PBXGroup;
			children = (
				4A4654FB25974DEB0015DF86 /* README.md */,
				4A929B1625962EE7009A217C /* XibSample */,
				4A929B1525962EE7009A217C /* Products */,
			);
			sourceTree = "<group>";
		};
		4A929B1525962EE7009A217C /* Products */ = {
			isa = PBXGroup;
			children = (
				4A929B1425962EE7009A217C /* XibSample.app */,
			);
			name = Products;
			sourceTree = "<group>";
		};
		4A929B1625962EE7009A217C /* XibSample */ = {
			isa = PBXGroup;
			children = (
				4ACCEFC125A9DB0E0015DAB7 /* ViewSample1 */,
				4ACCEFC225A9DB5B0015DAB7 /* ViewSample2 */,
				4ACCEFC525A9DBC80015DAB7 /* ViewSample3 */,
				4A79A4C925A9F46D003B30A9 /* ViewSample4 */,
				4A79A4CF25A9F480003B30A9 /* ViewSample5 */,
				4AEF542225AACC4D000F90BA /* ViewSample6 */,
				4AEF542825AACC56000F90BA /* ViewSample7 */,
				4A929B1725962EE7009A217C /* AppDelegate.swift */,
				4A929B1925962EE7009A217C /* SceneDelegate.swift */,
				4A929B1B25962EE7009A217C /* ViewController.swift */,
				4A929B1D25962EE7009A217C /* Main.storyboard */,
				4A929B2025962EE9009A217C /* Assets.xcassets */,
				4A929B2225962EE9009A217C /* LaunchScreen.storyboard */,
				4A929B2525962EE9009A217C /* Info.plist */,
			);
			path = XibSample;
			sourceTree = "<group>";
		};
		4ACCEFC125A9DB0E0015DAB7 /* ViewSample1 */ = {
			isa = PBXGroup;
			children = (
				4A929B2F2596304E009A217C /* SampleView1.swift */,
				4A929B2C25962F6F009A217C /* SampleView1.xib */,
			);
			path = ViewSample1;
			sourceTree = "<group>";
		};
		4ACCEFC225A9DB5B0015DAB7 /* ViewSample2 */ = {
			isa = PBXGroup;
			children = (
				4ACCEFC825A9DED40015DAB7 /* SampleView2.swift */,
				4ACCEFC725A9DED40015DAB7 /* SampleView2.xib */,
			);
			path = ViewSample2;
			sourceTree = "<group>";
		};
		4ACCEFC525A9DBC80015DAB7 /* ViewSample3 */ = {
			isa = PBXGroup;
			children = (
				4A79A4BF25A9E5F2003B30A9 /* SampleView3.swift */,
				4A79A4C025A9E5F2003B30A9 /* SampleView3.xib */,
			);
			path = ViewSample3;
			sourceTree = "<group>";
		};
		4AEF542225AACC4D000F90BA /* ViewSample6 */ = {
			isa = PBXGroup;
			children = (
				4AEF542325AACC4D000F90BA /* SampleView6.xib */,
				4AEF542425AACC4D000F90BA /* SampleView6.swift */,
			);
			path = ViewSample6;
			sourceTree = "<group>";
		};
		4AEF542825AACC56000F90BA /* ViewSample7 */ = {
			isa = PBXGroup;
			children = (
				4AEF542925AACC56000F90BA /* SampleView7.swift */,
				4AEF542A25AACC56000F90BA /* SampleView7.xib */,
			);
			path = ViewSample7;
			sourceTree = "<group>";
		};
/* End PBXGroup section */

/* Begin PBXNativeTarget section */
		4A929B1325962EE7009A217C /* XibSample */ = {
			isa = PBXNativeTarget;
			buildConfigurationList = 4A929B2825962EE9009A217C /* Build configuration list for PBXNativeTarget "XibSample" */;
			buildPhases = (
				4A929B1025962EE7009A217C /* Sources */,
				4A929B1125962EE7009A217C /* Frameworks */,
				4A929B1225962EE7009A217C /* Resources */,
			);
			buildRules = (
			);
			dependencies = (
			);
			name = XibSample;
			productName = XibSample;
			productReference = 4A929B1425962EE7009A217C /* XibSample.app */;
			productType = "com.apple.product-type.application";
		};
/* End PBXNativeTarget section */

/* Begin PBXProject section */
		4A929B0C25962EE7009A217C /* Project object */ = {
			isa = PBXProject;
			attributes = {
				LastSwiftUpdateCheck = 1230;
				LastUpgradeCheck = 1230;
				TargetAttributes = {
					4A929B1325962EE7009A217C = {
						CreatedOnToolsVersion = 12.3;
					};
				};
			};
			buildConfigurationList = 4A929B0F25962EE7009A217C /* Build configuration list for PBXProject "XibSample" */;
			compatibilityVersion = "Xcode 9.3";
			developmentRegion = en;
			hasScannedForEncodings = 0;
			knownRegions = (
				en,
				Base,
			);
			mainGroup = 4A929B0B25962EE7009A217C;
			productRefGroup = 4A929B1525962EE7009A217C /* Products */;
			projectDirPath = "";
			projectRoot = "";
			targets = (
				4A929B1325962EE7009A217C /* XibSample */,
			);
		};
/* End PBXProject section */

/* Begin PBXResourcesBuildPhase section */
		4A929B1225962EE7009A217C /* Resources */ = {
			isa = PBXResourcesBuildPhase;
			buildActionMask = 2147483647;
			files = (
				4A929B2D25962F6F009A217C /* SampleView1.xib in Resources */,
				4A929B2425962EE9009A217C /* LaunchScreen.storyboard in Resources */,
				4AEF542C25AACC56000F90BA /* SampleView7.xib in Resources */,
				4A79A4D325A9F480003B30A9 /* SampleView5.xib in Resources */,
				4A79A4C225A9E5F2003B30A9 /* SampleView3.xib in Resources */,
				4ACCEFC925A9DED40015DAB7 /* SampleView2.xib in Resources */,
				4AEF542525AACC4D000F90BA /* SampleView6.xib in Resources */,
				4A79A4CC25A9F46D003B30A9 /* SampleView4.xib in Resources */,
				4A929B2125962EE9009A217C /* Assets.xcassets in Resources */,
				4A929B1F25962EE7009A217C /* Main.storyboard in Resources */,
			);
			runOnlyForDeploymentPostprocessing = 0;
		};
/* End PBXResourcesBuildPhase section */

/* Begin PBXSourcesBuildPhase section */
		4A929B1025962EE7009A217C /* Sources */ = {
			isa = PBXSourcesBuildPhase;
			buildActionMask = 2147483647;
			files = (
				4AEF542625AACC4D000F90BA /* SampleView6.swift in Sources */,
				4A79A4C125A9E5F2003B30A9 /* SampleView3.swift in Sources */,
				4A929B302596304E009A217C /* SampleView1.swift in Sources */,
				4A79A4CD25A9F46D003B30A9 /* SampleView4.swift in Sources */,
				4A929B1C25962EE7009A217C /* ViewController.swift in Sources */,
				4A929B1825962EE7009A217C /* AppDelegate.swift in Sources */,
				4ACCEFCA25A9DED40015DAB7 /* SampleView2.swift in Sources */,
				4A79A4D225A9F480003B30A9 /* SampleView5.swift in Sources */,
				4AEF542B25AACC56000F90BA /* SampleView7.swift in Sources */,
				4A929B1A25962EE7009A217C /* SceneDelegate.swift in Sources */,
			);
			runOnlyForDeploymentPostprocessing = 0;
		};
/* End PBXSourcesBuildPhase section */

/* Begin PBXVariantGroup section */
		4A929B1D25962EE7009A217C /* Main.storyboard */ = {
			isa = PBXVariantGroup;
			children = (
				4A929B1E25962EE7009A217C /* Base */,
			);
			name = Main.storyboard;
			sourceTree = "<group>";
		};
		4A929B2225962EE9009A217C /* LaunchScreen.storyboard */ = {
			isa = PBXVariantGroup;
			children = (
				4A929B2325962EE9009A217C /* Base */,
			);
			name = LaunchScreen.storyboard;
			sourceTree = "<group>";
		};
/* End PBXVariantGroup section */

/* Begin XCBuildConfiguration section */
		4A929B2625962EE9009A217C /* Debug */ = {
			isa = XCBuildConfiguration;
			buildSettings = {
				ALWAYS_SEARCH_USER_PATHS = NO;
				CLANG_ANALYZER_NONNULL = YES;
				CLANG_ANALYZER_NUMBER_OBJECT_CONVERSION = YES_AGGRESSIVE;
				CLANG_CXX_LANGUAGE_STANDARD = "gnu++14";
				CLANG_CXX_LIBRARY = "libc++";
				CLANG_ENABLE_MODULES = YES;
				CLANG_ENABLE_OBJC_ARC = YES;
				CLANG_ENABLE_OBJC_WEAK = YES;
				CLANG_WARN_BLOCK_CAPTURE_AUTORELEASING = YES;
				CLANG_WARN_BOOL_CONVERSION = YES;
				CLANG_WARN_COMMA = YES;
				CLANG_WARN_CONSTANT_CONVERSION = YES;
				CLANG_WARN_DEPRECATED_OBJC_IMPLEMENTATIONS = YES;
				CLANG_WARN_DIRECT_OBJC_ISA_USAGE = YES_ERROR;
				CLANG_WARN_DOCUMENTATION_COMMENTS = YES;
				CLANG_WARN_EMPTY_BODY = YES;
				CLANG_WARN_ENUM_CONVERSION = YES;
				CLANG_WARN_INFINITE_RECURSION = YES;
				CLANG_WARN_INT_CONVERSION = YES;
				CLANG_WARN_NON_LITERAL_NULL_CONVERSION = YES;
				CLANG_WARN_OBJC_IMPLICIT_RETAIN_SELF = YES;
				CLANG_WARN_OBJC_LITERAL_CONVERSION = YES;
				CLANG_WARN_OBJC_ROOT_CLASS = YES_ERROR;
				CLANG_WARN_QUOTED_INCLUDE_IN_FRAMEWORK_HEADER = YES;
				CLANG_WARN_RANGE_LOOP_ANALYSIS = YES;
				CLANG_WARN_STRICT_PROTOTYPES = YES;
				CLANG_WARN_SUSPICIOUS_MOVE = YES;
				CLANG_WARN_UNGUARDED_AVAILABILITY = YES_AGGRESSIVE;
				CLANG_WARN_UNREACHABLE_CODE = YES;
				CLANG_WARN__DUPLICATE_METHOD_MATCH = YES;
				COPY_PHASE_STRIP = NO;
				DEBUG_INFORMATION_FORMAT = dwarf;
				ENABLE_STRICT_OBJC_MSGSEND = YES;
				ENABLE_TESTABILITY = YES;
				GCC_C_LANGUAGE_STANDARD = gnu11;
				GCC_DYNAMIC_NO_PIC = NO;
				GCC_NO_COMMON_BLOCKS = YES;
				GCC_OPTIMIZATION_LEVEL = 0;
				GCC_PREPROCESSOR_DEFINITIONS = (
					"DEBUG=1",
					"$(inherited)",
				);
				GCC_WARN_64_TO_32_BIT_CONVERSION = YES;
				GCC_WARN_ABOUT_RETURN_TYPE = YES_ERROR;
				GCC_WARN_UNDECLARED_SELECTOR = YES;
				GCC_WARN_UNINITIALIZED_AUTOS = YES_AGGRESSIVE;
				GCC_WARN_UNUSED_FUNCTION = YES;
				GCC_WARN_UNUSED_VARIABLE = YES;
				IPHONEOS_DEPLOYMENT_TARGET = 14.3;
				MTL_ENABLE_DEBUG_INFO = INCLUDE_SOURCE;
				MTL_FAST_MATH = YES;
				ONLY_ACTIVE_ARCH = YES;
				SDKROOT = iphoneos;
				SWIFT_ACTIVE_COMPILATION_CONDITIONS = DEBUG;
				SWIFT_OPTIMIZATION_LEVEL = "-Onone";
			};
			name = Debug;
		};
		4A929B2725962EE9009A217C /* Release */ = {
			isa = XCBuildConfiguration;
			buildSettings = {
				ALWAYS_SEARCH_USER_PATHS = NO;
				CLANG_ANALYZER_NONNULL = YES;
				CLANG_ANALYZER_NUMBER_OBJECT_CONVERSION = YES_AGGRESSIVE;
				CLANG_CXX_LANGUAGE_STANDARD = "gnu++14";
				CLANG_CXX_LIBRARY = "libc++";
				CLANG_ENABLE_MODULES = YES;
				CLANG_ENABLE_OBJC_ARC = YES;
				CLANG_ENABLE_OBJC_WEAK = YES;
				CLANG_WARN_BLOCK_CAPTURE_AUTORELEASING = YES;
				CLANG_WARN_BOOL_CONVERSION = YES;
				CLANG_WARN_COMMA = YES;
				CLANG_WARN_CONSTANT_CONVERSION = YES;
				CLANG_WARN_DEPRECATED_OBJC_IMPLEMENTATIONS = YES;
				CLANG_WARN_DIRECT_OBJC_ISA_USAGE = YES_ERROR;
				CLANG_WARN_DOCUMENTATION_COMMENTS = YES;
				CLANG_WARN_EMPTY_BODY = YES;
				CLANG_WARN_ENUM_CONVERSION = YES;
				CLANG_WARN_INFINITE_RECURSION = YES;
				CLANG_WARN_INT_CONVERSION = YES;
				CLANG_WARN_NON_LITERAL_NULL_CONVERSION = YES;
				CLANG_WARN_OBJC_IMPLICIT_RETAIN_SELF = YES;
				CLANG_WARN_OBJC_LITERAL_CONVERSION = YES;
				CLANG_WARN_OBJC_ROOT_CLASS = YES_ERROR;
				CLANG_WARN_QUOTED_INCLUDE_IN_FRAMEWORK_HEADER = YES;
				CLANG_WARN_RANGE_LOOP_ANALYSIS = YES;
				CLANG_WARN_STRICT_PROTOTYPES = YES;
				CLANG_WARN_SUSPICIOUS_MOVE = YES;
				CLANG_WARN_UNGUARDED_AVAILABILITY = YES_AGGRESSIVE;
				CLANG_WARN_UNREACHABLE_CODE = YES;
				CLANG_WARN__DUPLICATE_METHOD_MATCH = YES;
				COPY_PHASE_STRIP = NO;
				DEBUG_INFORMATION_FORMAT = "dwarf-with-dsym";
				ENABLE_NS_ASSERTIONS = NO;
				ENABLE_STRICT_OBJC_MSGSEND = YES;
				GCC_C_LANGUAGE_STANDARD = gnu11;
				GCC_NO_COMMON_BLOCKS = YES;
				GCC_WARN_64_TO_32_BIT_CONVERSION = YES;
				GCC_WARN_ABOUT_RETURN_TYPE = YES_ERROR;
				GCC_WARN_UNDECLARED_SELECTOR = YES;
				GCC_WARN_UNINITIALIZED_AUTOS = YES_AGGRESSIVE;
				GCC_WARN_UNUSED_FUNCTION = YES;
				GCC_WARN_UNUSED_VARIABLE = YES;
				IPHONEOS_DEPLOYMENT_TARGET = 14.3;
				MTL_ENABLE_DEBUG_INFO = NO;
				MTL_FAST_MATH = YES;
				SDKROOT = iphoneos;
				SWIFT_COMPILATION_MODE = wholemodule;
				SWIFT_OPTIMIZATION_LEVEL = "-O";
				VALIDATE_PRODUCT = YES;
			};
			name = Release;
		};
		4A929B2925962EE9009A217C /* Debug */ = {
			isa = XCBuildConfiguration;
			buildSettings = {
				ASSETCATALOG_COMPILER_APPICON_NAME = AppIcon;
				ASSETCATALOG_COMPILER_GLOBAL_ACCENT_COLOR_NAME = AccentColor;
				CODE_SIGN_STYLE = Automatic;
				DEVELOPMENT_TEAM = 8Y945SWSWU;
				INFOPLIST_FILE = XibSample/Info.plist;
				LD_RUNPATH_SEARCH_PATHS = (
					"$(inherited)",
					"@executable_path/Frameworks",
				);
				PRODUCT_BUNDLE_IDENTIFIER = com.tk0929.XibSample;
				PRODUCT_NAME = "$(TARGET_NAME)";
				SWIFT_VERSION = 5.0;
				TARGETED_DEVICE_FAMILY = "1,2";
			};
			name = Debug;
		};
		4A929B2A25962EE9009A217C /* Release */ = {
			isa = XCBuildConfiguration;
			buildSettings = {
				ASSETCATALOG_COMPILER_APPICON_NAME = AppIcon;
				ASSETCATALOG_COMPILER_GLOBAL_ACCENT_COLOR_NAME = AccentColor;
				CODE_SIGN_STYLE = Automatic;
				DEVELOPMENT_TEAM = 8Y945SWSWU;
				INFOPLIST_FILE = XibSample/Info.plist;
				LD_RUNPATH_SEARCH_PATHS = (
					"$(inherited)",
					"@executable_path/Frameworks",
				);
				PRODUCT_BUNDLE_IDENTIFIER = com.tk0929.XibSample;
				PRODUCT_NAME = "$(TARGET_NAME)";
				SWIFT_VERSION = 5.0;
				TARGETED_DEVICE_FAMILY = "1,2";
			};
			name = Release;
		};
/* End XCBuildConfiguration section */

/* Begin XCConfigurationList section */
		4A929B0F25962EE7009A217C /* Build configuration list for PBXProject "XibSample" */ = {
			isa = XCConfigurationList;
			buildConfigurations = (
				4A929B2625962EE9009A217C /* Debug */,
				4A929B2725962EE9009A217C /* Release */,
			);
			defaultConfigurationIsVisible = 0;
			defaultConfigurationName = Release;
		};
		4A929B2825962EE9009A217C /* Build configuration list for PBXNativeTarget "XibSample" */ = {
			isa = XCConfigurationList;
			buildConfigurations = (
				4A929B2925962EE9009A217C /* Debug */,
				4A929B2A25962EE9009A217C /* Release */,
			);
			defaultConfigurationIsVisible = 0;
			defaultConfigurationName = Release;
		};
/* End XCConfigurationList section */
	};
	rootObject = 4A929B0C25962EE7009A217C /* Project object */;
}
